<Solution>
  <Project Path="JuneIntake.ConsoleApp/JuneIntake.ConsoleApp.csproj" />
  <Project Path="JuneIntake.ConsoleApp1/JuneIntake.ConsoleApp1.csproj" Id="a7876668-fea8-49e7-8c08-c52592bd0e34" />
  <Project Path="JuneIntake.ConsoleApp2/JuneIntake.ConsoleApp2.csproj" Id="e3578634-8b91-4fdb-a71c-52caeea66c86" />
</Solution>
